// !$*UTF8*$!
{
	archiveVersion = 1;
	classes = {
	};
	objectVersion = 51;
	objects = {

/* Begin PBXBuildFile section */
		0239E1CB226D047F00075290 /* NewsSourceCell.swift in Sources */ = {isa = PBXBuildFile; fileRef = 0239E1CA226D047F00075290 /* NewsSourceCell.swift */; };
		0DD4A3E222598B6200D1AF6B /* NewsTableViewController.swift in Sources */ = {isa = PBXBuildFile; fileRef = 0DD4A3E122598B6200D1AF6B /* NewsTableViewController.swift */; };
		0DD4A3E42259946200D1AF6B /* ArticleTableViewCell.swift in Sources */ = {isa = PBXBuildFile; fileRef = 0DD4A3E32259946200D1AF6B /* ArticleTableViewCell.swift */; };
		521067CA2262DA88007954AB /* selectWeekdaysViewController.swift in Sources */ = {isa = PBXBuildFile; fileRef = 521067C92262DA88007954AB /* selectWeekdaysViewController.swift */; };
		521067CC2262DB0E007954AB /* alarmLabelViewController.swift in Sources */ = {isa = PBXBuildFile; fileRef = 521067CB2262DB0E007954AB /* alarmLabelViewController.swift */; };
		523D624D225BE0B200D4FE43 /* CreateAlarmViewController.swift in Sources */ = {isa = PBXBuildFile; fileRef = 523D624C225BE0B200D4FE43 /* CreateAlarmViewController.swift */; };
		529372A4225FF7EB007CE280 /* WeekdaysTableViewController.swift in Sources */ = {isa = PBXBuildFile; fileRef = 529372A3225FF7EB007CE280 /* WeekdaysTableViewController.swift */; };
		52990F67224EF23B000426FF /* News.storyboard in Resources */ = {isa = PBXBuildFile; fileRef = 52990F66224EF23B000426FF /* News.storyboard */; };
		52990F69224EF246000426FF /* Alarm.storyboard in Resources */ = {isa = PBXBuildFile; fileRef = 52990F68224EF246000426FF /* Alarm.storyboard */; };
		52990F6B224EF264000426FF /* Settings.storyboard in Resources */ = {isa = PBXBuildFile; fileRef = 52990F6A224EF264000426FF /* Settings.storyboard */; };
		52A59A67225E838700B628AC /* AlarmTableViewController.swift in Sources */ = {isa = PBXBuildFile; fileRef = 52A59A66225E838700B628AC /* AlarmTableViewController.swift */; };
		52E82B0E224C2FF30025F9B2 /* AppDelegate.swift in Sources */ = {isa = PBXBuildFile; fileRef = 52E82B0D224C2FF30025F9B2 /* AppDelegate.swift */; };
		52E82B10224C2FF30025F9B2 /* ViewController.swift in Sources */ = {isa = PBXBuildFile; fileRef = 52E82B0F224C2FF30025F9B2 /* ViewController.swift */; };
		52E82B13224C2FF30025F9B2 /* Main.storyboard in Resources */ = {isa = PBXBuildFile; fileRef = 52E82B11224C2FF30025F9B2 /* Main.storyboard */; };
		52E82B15224C2FF50025F9B2 /* Assets.xcassets in Resources */ = {isa = PBXBuildFile; fileRef = 52E82B14224C2FF50025F9B2 /* Assets.xcassets */; };
		52E82B18224C2FF50025F9B2 /* LaunchScreen.storyboard in Resources */ = {isa = PBXBuildFile; fileRef = 52E82B16224C2FF50025F9B2 /* LaunchScreen.storyboard */; };
		52E82B23224C2FF50025F9B2 /* gmNewsTests.swift in Sources */ = {isa = PBXBuildFile; fileRef = 52E82B22224C2FF50025F9B2 /* gmNewsTests.swift */; };
		52E82B2E224C2FF50025F9B2 /* gmNewsUITests.swift in Sources */ = {isa = PBXBuildFile; fileRef = 52E82B2D224C2FF50025F9B2 /* gmNewsUITests.swift */; };
		52E930E422630CDE008AE8A8 /* SelectSoundViewController.swift in Sources */ = {isa = PBXBuildFile; fileRef = 52E930E322630CDE008AE8A8 /* SelectSoundViewController.swift */; };
		52E930E6226313FD008AE8A8 /* SoundTableViewController.swift in Sources */ = {isa = PBXBuildFile; fileRef = 52E930E5226313FD008AE8A8 /* SoundTableViewController.swift */; };
		9B753298352E7FA013BFB6E7 /* Pods_gmNewsTests.framework in Frameworks */ = {isa = PBXBuildFile; fileRef = 0ADA4488F32BBBB0222B468B /* Pods_gmNewsTests.framework */; };
		A37F693454871D99118C7E42 /* Pods_gmNewsUITests.framework in Frameworks */ = {isa = PBXBuildFile; fileRef = 80A216B595BEB9187562077A /* Pods_gmNewsUITests.framework */; };
		DC338C3522592AA100315326 /* LoginViewController.swift in Sources */ = {isa = PBXBuildFile; fileRef = DC338C3422592AA100315326 /* LoginViewController.swift */; };
		DC3D33BB22597E6E007D2581 /* SettingsViewController.swift in Sources */ = {isa = PBXBuildFile; fileRef = DC3D33BA22597E6E007D2581 /* SettingsViewController.swift */; };
		DC65BB8F22653D4C00539A77 /* SignUpViewController.swift in Sources */ = {isa = PBXBuildFile; fileRef = DC65BB8E22653D4C00539A77 /* SignUpViewController.swift */; };
		DC65BB912265540000539A77 /* AddSourcesPopUpViewController.swift in Sources */ = {isa = PBXBuildFile; fileRef = DC65BB902265540000539A77 /* AddSourcesPopUpViewController.swift */; };
		F83809AAA64D7C342E8FFE03 /* Pods_gmNews.framework in Frameworks */ = {isa = PBXBuildFile; fileRef = 2FFC85E9F88A7BF918D8BB15 /* Pods_gmNews.framework */; };
/* End PBXBuildFile section */

/* Begin PBXContainerItemProxy section */
		52E82B1F224C2FF50025F9B2 /* PBXContainerItemProxy */ = {
			isa = PBXContainerItemProxy;
			containerPortal = 52E82B02224C2FF20025F9B2 /* Project object */;
			proxyType = 1;
			remoteGlobalIDString = 52E82B09224C2FF20025F9B2;
			remoteInfo = gmNews;
		};
		52E82B2A224C2FF50025F9B2 /* PBXContainerItemProxy */ = {
			isa = PBXContainerItemProxy;
			containerPortal = 52E82B02224C2FF20025F9B2 /* Project object */;
			proxyType = 1;
			remoteGlobalIDString = 52E82B09224C2FF20025F9B2;
			remoteInfo = gmNews;
		};
/* End PBXContainerItemProxy section */

/* Begin PBXFileReference section */
		0239E1CA226D047F00075290 /* NewsSourceCell.swift */ = {isa = PBXFileReference; lastKnownFileType = sourcecode.swift; path = NewsSourceCell.swift; sourceTree = "<group>"; };
		0ADA4488F32BBBB0222B468B /* Pods_gmNewsTests.framework */ = {isa = PBXFileReference; explicitFileType = wrapper.framework; includeInIndex = 0; path = Pods_gmNewsTests.framework; sourceTree = BUILT_PRODUCTS_DIR; };
		0DD4A3E122598B6200D1AF6B /* NewsTableViewController.swift */ = {isa = PBXFileReference; lastKnownFileType = sourcecode.swift; path = NewsTableViewController.swift; sourceTree = "<group>"; };
		0DD4A3E32259946200D1AF6B /* ArticleTableViewCell.swift */ = {isa = PBXFileReference; lastKnownFileType = sourcecode.swift; path = ArticleTableViewCell.swift; sourceTree = "<group>"; };
		11D1C8A56D9AA4806A454731 /* Pods-gmNewsUITests.release.xcconfig */ = {isa = PBXFileReference; includeInIndex = 1; lastKnownFileType = text.xcconfig; name = "Pods-gmNewsUITests.release.xcconfig"; path = "Target Support Files/Pods-gmNewsUITests/Pods-gmNewsUITests.release.xcconfig"; sourceTree = "<group>"; };
		1F6B0C922CF08A48588FFDC3 /* Pods-gmNewsTests.debug.xcconfig */ = {isa = PBXFileReference; includeInIndex = 1; lastKnownFileType = text.xcconfig; name = "Pods-gmNewsTests.debug.xcconfig"; path = "Target Support Files/Pods-gmNewsTests/Pods-gmNewsTests.debug.xcconfig"; sourceTree = "<group>"; };
		2FFC85E9F88A7BF918D8BB15 /* Pods_gmNews.framework */ = {isa = PBXFileReference; explicitFileType = wrapper.framework; includeInIndex = 0; path = Pods_gmNews.framework; sourceTree = BUILT_PRODUCTS_DIR; };
		4B7E0C7B837CC79451940DAB /* Pods-gmNewsTests.release.xcconfig */ = {isa = PBXFileReference; includeInIndex = 1; lastKnownFileType = text.xcconfig; name = "Pods-gmNewsTests.release.xcconfig"; path = "Target Support Files/Pods-gmNewsTests/Pods-gmNewsTests.release.xcconfig"; sourceTree = "<group>"; };
		521067C92262DA88007954AB /* selectWeekdaysViewController.swift */ = {isa = PBXFileReference; lastKnownFileType = sourcecode.swift; path = selectWeekdaysViewController.swift; sourceTree = "<group>"; };
		521067CB2262DB0E007954AB /* alarmLabelViewController.swift */ = {isa = PBXFileReference; lastKnownFileType = sourcecode.swift; path = alarmLabelViewController.swift; sourceTree = "<group>"; };
		523D624C225BE0B200D4FE43 /* CreateAlarmViewController.swift */ = {isa = PBXFileReference; lastKnownFileType = sourcecode.swift; path = CreateAlarmViewController.swift; sourceTree = "<group>"; };
		529372A3225FF7EB007CE280 /* WeekdaysTableViewController.swift */ = {isa = PBXFileReference; lastKnownFileType = sourcecode.swift; path = WeekdaysTableViewController.swift; sourceTree = "<group>"; };
		52990F66224EF23B000426FF /* News.storyboard */ = {isa = PBXFileReference; lastKnownFileType = file.storyboard; path = News.storyboard; sourceTree = "<group>"; };
		52990F68224EF246000426FF /* Alarm.storyboard */ = {isa = PBXFileReference; lastKnownFileType = file.storyboard; path = Alarm.storyboard; sourceTree = "<group>"; };
		52990F6A224EF264000426FF /* Settings.storyboard */ = {isa = PBXFileReference; lastKnownFileType = file.storyboard; path = Settings.storyboard; sourceTree = "<group>"; };
		52A59A66225E838700B628AC /* AlarmTableViewController.swift */ = {isa = PBXFileReference; lastKnownFileType = sourcecode.swift; path = AlarmTableViewController.swift; sourceTree = "<group>"; };
		52E82B0A224C2FF30025F9B2 /* gmNews.app */ = {isa = PBXFileReference; explicitFileType = wrapper.application; includeInIndex = 0; path = gmNews.app; sourceTree = BUILT_PRODUCTS_DIR; };
		52E82B0D224C2FF30025F9B2 /* AppDelegate.swift */ = {isa = PBXFileReference; lastKnownFileType = sourcecode.swift; path = AppDelegate.swift; sourceTree = "<group>"; };
		52E82B0F224C2FF30025F9B2 /* ViewController.swift */ = {isa = PBXFileReference; lastKnownFileType = sourcecode.swift; path = ViewController.swift; sourceTree = "<group>"; };
		52E82B12224C2FF30025F9B2 /* Base */ = {isa = PBXFileReference; lastKnownFileType = file.storyboard; name = Base; path = Base.lproj/Main.storyboard; sourceTree = "<group>"; };
		52E82B14224C2FF50025F9B2 /* Assets.xcassets */ = {isa = PBXFileReference; lastKnownFileType = folder.assetcatalog; path = Assets.xcassets; sourceTree = "<group>"; };
		52E82B17224C2FF50025F9B2 /* Base */ = {isa = PBXFileReference; lastKnownFileType = file.storyboard; name = Base; path = Base.lproj/LaunchScreen.storyboard; sourceTree = "<group>"; };
		52E82B19224C2FF50025F9B2 /* Info.plist */ = {isa = PBXFileReference; lastKnownFileType = text.plist.xml; path = Info.plist; sourceTree = "<group>"; };
		52E82B1E224C2FF50025F9B2 /* gmNewsTests.xctest */ = {isa = PBXFileReference; explicitFileType = wrapper.cfbundle; includeInIndex = 0; path = gmNewsTests.xctest; sourceTree = BUILT_PRODUCTS_DIR; };
		52E82B22224C2FF50025F9B2 /* gmNewsTests.swift */ = {isa = PBXFileReference; lastKnownFileType = sourcecode.swift; path = gmNewsTests.swift; sourceTree = "<group>"; };
		52E82B24224C2FF50025F9B2 /* Info.plist */ = {isa = PBXFileReference; lastKnownFileType = text.plist.xml; path = Info.plist; sourceTree = "<group>"; };
		52E82B29224C2FF50025F9B2 /* gmNewsUITests.xctest */ = {isa = PBXFileReference; explicitFileType = wrapper.cfbundle; includeInIndex = 0; path = gmNewsUITests.xctest; sourceTree = BUILT_PRODUCTS_DIR; };
		52E82B2D224C2FF50025F9B2 /* gmNewsUITests.swift */ = {isa = PBXFileReference; lastKnownFileType = sourcecode.swift; path = gmNewsUITests.swift; sourceTree = "<group>"; };
		52E82B2F224C2FF50025F9B2 /* Info.plist */ = {isa = PBXFileReference; lastKnownFileType = text.plist.xml; path = Info.plist; sourceTree = "<group>"; };
		52E930E322630CDE008AE8A8 /* SelectSoundViewController.swift */ = {isa = PBXFileReference; lastKnownFileType = sourcecode.swift; path = SelectSoundViewController.swift; sourceTree = "<group>"; };
		52E930E5226313FD008AE8A8 /* SoundTableViewController.swift */ = {isa = PBXFileReference; lastKnownFileType = sourcecode.swift; path = SoundTableViewController.swift; sourceTree = "<group>"; };
		80A216B595BEB9187562077A /* Pods_gmNewsUITests.framework */ = {isa = PBXFileReference; explicitFileType = wrapper.framework; includeInIndex = 0; path = Pods_gmNewsUITests.framework; sourceTree = BUILT_PRODUCTS_DIR; };
		AA1CA5977214C6A385B0EB9B /* Pods-gmNews.debug.xcconfig */ = {isa = PBXFileReference; includeInIndex = 1; lastKnownFileType = text.xcconfig; name = "Pods-gmNews.debug.xcconfig"; path = "Target Support Files/Pods-gmNews/Pods-gmNews.debug.xcconfig"; sourceTree = "<group>"; };
		AACA9E564A50AF22C1097302 /* Pods-gmNews.release.xcconfig */ = {isa = PBXFileReference; includeInIndex = 1; lastKnownFileType = text.xcconfig; name = "Pods-gmNews.release.xcconfig"; path = "Target Support Files/Pods-gmNews/Pods-gmNews.release.xcconfig"; sourceTree = "<group>"; };
		DC338C3422592AA100315326 /* LoginViewController.swift */ = {isa = PBXFileReference; lastKnownFileType = sourcecode.swift; path = LoginViewController.swift; sourceTree = "<group>"; };
		DC3D33BA22597E6E007D2581 /* SettingsViewController.swift */ = {isa = PBXFileReference; lastKnownFileType = sourcecode.swift; path = SettingsViewController.swift; sourceTree = "<group>"; };
		DC65BB8E22653D4C00539A77 /* SignUpViewController.swift */ = {isa = PBXFileReference; lastKnownFileType = sourcecode.swift; path = SignUpViewController.swift; sourceTree = "<group>"; };
		DC65BB902265540000539A77 /* AddSourcesPopUpViewController.swift */ = {isa = PBXFileReference; lastKnownFileType = sourcecode.swift; path = AddSourcesPopUpViewController.swift; sourceTree = "<group>"; };
		E83E679FD280E38E8F384DBD /* Pods-gmNewsUITests.debug.xcconfig */ = {isa = PBXFileReference; includeInIndex = 1; lastKnownFileType = text.xcconfig; name = "Pods-gmNewsUITests.debug.xcconfig"; path = "Target Support Files/Pods-gmNewsUITests/Pods-gmNewsUITests.debug.xcconfig"; sourceTree = "<group>"; };
/* End PBXFileReference section */

/* Begin PBXFrameworksBuildPhase section */
		52E82B07224C2FF20025F9B2 /* Frameworks */ = {
			isa = PBXFrameworksBuildPhase;
			buildActionMask = 2147483647;
			files = (
				F83809AAA64D7C342E8FFE03 /* Pods_gmNews.framework in Frameworks */,
			);
			runOnlyForDeploymentPostprocessing = 0;
		};
		52E82B1B224C2FF50025F9B2 /* Frameworks */ = {
			isa = PBXFrameworksBuildPhase;
			buildActionMask = 2147483647;
			files = (
				9B753298352E7FA013BFB6E7 /* Pods_gmNewsTests.framework in Frameworks */,
			);
			runOnlyForDeploymentPostprocessing = 0;
		};
		52E82B26224C2FF50025F9B2 /* Frameworks */ = {
			isa = PBXFrameworksBuildPhase;
			buildActionMask = 2147483647;
			files = (
				A37F693454871D99118C7E42 /* Pods_gmNewsUITests.framework in Frameworks */,
			);
			runOnlyForDeploymentPostprocessing = 0;
		};
/* End PBXFrameworksBuildPhase section */

/* Begin PBXGroup section */
		1700117FC078D2C462935855 /* Frameworks */ = {
			isa = PBXGroup;
			children = (
				2FFC85E9F88A7BF918D8BB15 /* Pods_gmNews.framework */,
				0ADA4488F32BBBB0222B468B /* Pods_gmNewsTests.framework */,
				80A216B595BEB9187562077A /* Pods_gmNewsUITests.framework */,
			);
			name = Frameworks;
			sourceTree = "<group>";
		};
		35E97F6C32B3A578C0EAC503 /* Pods */ = {
			isa = PBXGroup;
			children = (
				AA1CA5977214C6A385B0EB9B /* Pods-gmNews.debug.xcconfig */,
				AACA9E564A50AF22C1097302 /* Pods-gmNews.release.xcconfig */,
				1F6B0C922CF08A48588FFDC3 /* Pods-gmNewsTests.debug.xcconfig */,
				4B7E0C7B837CC79451940DAB /* Pods-gmNewsTests.release.xcconfig */,
				E83E679FD280E38E8F384DBD /* Pods-gmNewsUITests.debug.xcconfig */,
				11D1C8A56D9AA4806A454731 /* Pods-gmNewsUITests.release.xcconfig */,
			);
			path = Pods;
			sourceTree = "<group>";
		};
		52E82B01224C2FF20025F9B2 = {
			isa = PBXGroup;
			children = (
				52E82B0C224C2FF30025F9B2 /* gmNews */,
				52E82B21224C2FF50025F9B2 /* gmNewsTests */,
				52E82B2C224C2FF50025F9B2 /* gmNewsUITests */,
				52E82B0B224C2FF30025F9B2 /* Products */,
				35E97F6C32B3A578C0EAC503 /* Pods */,
				1700117FC078D2C462935855 /* Frameworks */,
			);
			sourceTree = "<group>";
		};
		52E82B0B224C2FF30025F9B2 /* Products */ = {
			isa = PBXGroup;
			children = (
				52E82B0A224C2FF30025F9B2 /* gmNews.app */,
				52E82B1E224C2FF50025F9B2 /* gmNewsTests.xctest */,
				52E82B29224C2FF50025F9B2 /* gmNewsUITests.xctest */,
			);
			name = Products;
			sourceTree = "<group>";
		};
		52E82B0C224C2FF30025F9B2 /* gmNews */ = {
			isa = PBXGroup;
			children = (
				52E82B0D224C2FF30025F9B2 /* AppDelegate.swift */,
				52E82B0F224C2FF30025F9B2 /* ViewController.swift */,
				52E82B11224C2FF30025F9B2 /* Main.storyboard */,
				52990F66224EF23B000426FF /* News.storyboard */,
				52990F68224EF246000426FF /* Alarm.storyboard */,
				52990F6A224EF264000426FF /* Settings.storyboard */,
				52E82B14224C2FF50025F9B2 /* Assets.xcassets */,
				52E82B16224C2FF50025F9B2 /* LaunchScreen.storyboard */,
				52E82B19224C2FF50025F9B2 /* Info.plist */,
				DC338C3422592AA100315326 /* LoginViewController.swift */,
				DC3D33BA22597E6E007D2581 /* SettingsViewController.swift */,
				0DD4A3E122598B6200D1AF6B /* NewsTableViewController.swift */,
				0DD4A3E32259946200D1AF6B /* ArticleTableViewCell.swift */,
				523D624C225BE0B200D4FE43 /* CreateAlarmViewController.swift */,
				521067C92262DA88007954AB /* selectWeekdaysViewController.swift */,
				52A59A66225E838700B628AC /* AlarmTableViewController.swift */,
				529372A3225FF7EB007CE280 /* WeekdaysTableViewController.swift */,
				521067CB2262DB0E007954AB /* alarmLabelViewController.swift */,
				52E930E322630CDE008AE8A8 /* SelectSoundViewController.swift */,
				52E930E5226313FD008AE8A8 /* SoundTableViewController.swift */,
				DC65BB8E22653D4C00539A77 /* SignUpViewController.swift */,
				DC65BB902265540000539A77 /* AddSourcesPopUpViewController.swift */,
				0239E1CA226D047F00075290 /* NewsSourceCell.swift */,
			);
			path = gmNews;
			sourceTree = "<group>";
		};
		52E82B21224C2FF50025F9B2 /* gmNewsTests */ = {
			isa = PBXGroup;
			children = (
				52E82B22224C2FF50025F9B2 /* gmNewsTests.swift */,
				52E82B24224C2FF50025F9B2 /* Info.plist */,
			);
			path = gmNewsTests;
			sourceTree = "<group>";
		};
		52E82B2C224C2FF50025F9B2 /* gmNewsUITests */ = {
			isa = PBXGroup;
			children = (
				52E82B2D224C2FF50025F9B2 /* gmNewsUITests.swift */,
				52E82B2F224C2FF50025F9B2 /* Info.plist */,
			);
			path = gmNewsUITests;
			sourceTree = "<group>";
		};
/* End PBXGroup section */

/* Begin PBXNativeTarget section */
		52E82B09224C2FF20025F9B2 /* gmNews */ = {
			isa = PBXNativeTarget;
			buildConfigurationList = 52E82B32224C2FF50025F9B2 /* Build configuration list for PBXNativeTarget "gmNews" */;
			buildPhases = (
				5B90EA8359ACC982B403E45E /* [CP] Check Pods Manifest.lock */,
				52E82B06224C2FF20025F9B2 /* Sources */,
				52E82B07224C2FF20025F9B2 /* Frameworks */,
				52E82B08224C2FF20025F9B2 /* Resources */,
				2F2382DB6A06047FFE0FDF68 /* [CP] Embed Pods Frameworks */,
			);
			buildRules = (
			);
			dependencies = (
			);
			name = gmNews;
			productName = gmNews;
			productReference = 52E82B0A224C2FF30025F9B2 /* gmNews.app */;
			productType = "com.apple.product-type.application";
		};
		52E82B1D224C2FF50025F9B2 /* gmNewsTests */ = {
			isa = PBXNativeTarget;
			buildConfigurationList = 52E82B35224C2FF50025F9B2 /* Build configuration list for PBXNativeTarget "gmNewsTests" */;
			buildPhases = (
				C5663FCFAFBBB84A691A71A4 /* [CP] Check Pods Manifest.lock */,
				52E82B1A224C2FF50025F9B2 /* Sources */,
				52E82B1B224C2FF50025F9B2 /* Frameworks */,
				52E82B1C224C2FF50025F9B2 /* Resources */,
			);
			buildRules = (
			);
			dependencies = (
				52E82B20224C2FF50025F9B2 /* PBXTargetDependency */,
			);
			name = gmNewsTests;
			productName = gmNewsTests;
			productReference = 52E82B1E224C2FF50025F9B2 /* gmNewsTests.xctest */;
			productType = "com.apple.product-type.bundle.unit-test";
		};
		52E82B28224C2FF50025F9B2 /* gmNewsUITests */ = {
			isa = PBXNativeTarget;
			buildConfigurationList = 52E82B38224C2FF50025F9B2 /* Build configuration list for PBXNativeTarget "gmNewsUITests" */;
			buildPhases = (
				DE967C2BF98E03E32DFDA0CA /* [CP] Check Pods Manifest.lock */,
				52E82B25224C2FF50025F9B2 /* Sources */,
				52E82B26224C2FF50025F9B2 /* Frameworks */,
				52E82B27224C2FF50025F9B2 /* Resources */,
			);
			buildRules = (
			);
			dependencies = (
				52E82B2B224C2FF50025F9B2 /* PBXTargetDependency */,
			);
			name = gmNewsUITests;
			productName = gmNewsUITests;
			productReference = 52E82B29224C2FF50025F9B2 /* gmNewsUITests.xctest */;
			productType = "com.apple.product-type.bundle.ui-testing";
		};
/* End PBXNativeTarget section */

/* Begin PBXProject section */
		52E82B02224C2FF20025F9B2 /* Project object */ = {
			isa = PBXProject;
			attributes = {
				LastSwiftUpdateCheck = 1020;
				LastUpgradeCheck = 1020;
				ORGANIZATIONNAME = "Martin Landin";
				TargetAttributes = {
					52E82B09224C2FF20025F9B2 = {
						CreatedOnToolsVersion = 10.2;
					};
					52E82B1D224C2FF50025F9B2 = {
						CreatedOnToolsVersion = 10.2;
						TestTargetID = 52E82B09224C2FF20025F9B2;
					};
					52E82B28224C2FF50025F9B2 = {
						CreatedOnToolsVersion = 10.2;
						TestTargetID = 52E82B09224C2FF20025F9B2;
					};
				};
			};
			buildConfigurationList = 52E82B05224C2FF20025F9B2 /* Build configuration list for PBXProject "gmNews" */;
			compatibilityVersion = "Xcode 9.3";
			developmentRegion = en;
			hasScannedForEncodings = 0;
			knownRegions = (
				en,
				Base,
			);
			mainGroup = 52E82B01224C2FF20025F9B2;
			productRefGroup = 52E82B0B224C2FF30025F9B2 /* Products */;
			projectDirPath = "";
			projectRoot = "";
			targets = (
				52E82B09224C2FF20025F9B2 /* gmNews */,
				52E82B1D224C2FF50025F9B2 /* gmNewsTests */,
				52E82B28224C2FF50025F9B2 /* gmNewsUITests */,
			);
		};
/* End PBXProject section */

/* Begin PBXResourcesBuildPhase section */
		52E82B08224C2FF20025F9B2 /* Resources */ = {
			isa = PBXResourcesBuildPhase;
			buildActionMask = 2147483647;
			files = (
				52E82B18224C2FF50025F9B2 /* LaunchScreen.storyboard in Resources */,
				52E82B15224C2FF50025F9B2 /* Assets.xcassets in Resources */,
				52E82B13224C2FF30025F9B2 /* Main.storyboard in Resources */,
				52990F6B224EF264000426FF /* Settings.storyboard in Resources */,
				52990F69224EF246000426FF /* Alarm.storyboard in Resources */,
				52990F67224EF23B000426FF /* News.storyboard in Resources */,
			);
			runOnlyForDeploymentPostprocessing = 0;
		};
		52E82B1C224C2FF50025F9B2 /* Resources */ = {
			isa = PBXResourcesBuildPhase;
			buildActionMask = 2147483647;
			files = (
			);
			runOnlyForDeploymentPostprocessing = 0;
		};
		52E82B27224C2FF50025F9B2 /* Resources */ = {
			isa = PBXResourcesBuildPhase;
			buildActionMask = 2147483647;
			files = (
			);
			runOnlyForDeploymentPostprocessing = 0;
		};
/* End PBXResourcesBuildPhase section */

/* Begin PBXShellScriptBuildPhase section */
		2F2382DB6A06047FFE0FDF68 /* [CP] Embed Pods Frameworks */ = {
			isa = PBXShellScriptBuildPhase;
			buildActionMask = 2147483647;
			files = (
			);
			inputFileListPaths = (
				"${PODS_ROOT}/Target Support Files/Pods-gmNews/Pods-gmNews-frameworks-${CONFIGURATION}-input-files.xcfilelist",
			);
			name = "[CP] Embed Pods Frameworks";
			outputFileListPaths = (
				"${PODS_ROOT}/Target Support Files/Pods-gmNews/Pods-gmNews-frameworks-${CONFIGURATION}-output-files.xcfilelist",
			);
			runOnlyForDeploymentPostprocessing = 0;
			shellPath = /bin/sh;
			shellScript = "\"${PODS_ROOT}/Target Support Files/Pods-gmNews/Pods-gmNews-frameworks.sh\"\n";
			showEnvVarsInLog = 0;
		};
		5B90EA8359ACC982B403E45E /* [CP] Check Pods Manifest.lock */ = {
			isa = PBXShellScriptBuildPhase;
			buildActionMask = 2147483647;
			files = (
			);
			inputFileListPaths = (
			);
			inputPaths = (
				"${PODS_PODFILE_DIR_PATH}/Podfile.lock",
				"${PODS_ROOT}/Manifest.lock",
			);
			name = "[CP] Check Pods Manifest.lock";
			outputFileListPaths = (
			);
			outputPaths = (
				"$(DERIVED_FILE_DIR)/Pods-gmNews-checkManifestLockResult.txt",
			);
			runOnlyForDeploymentPostprocessing = 0;
			shellPath = /bin/sh;
			shellScript = "diff \"${PODS_PODFILE_DIR_PATH}/Podfile.lock\" \"${PODS_ROOT}/Manifest.lock\" > /dev/null\nif [ $? != 0 ] ; then\n    # print error to STDERR\n    echo \"error: The sandbox is not in sync with the Podfile.lock. Run 'pod install' or update your CocoaPods installation.\" >&2\n    exit 1\nfi\n# This output is used by Xcode 'outputs' to avoid re-running this script phase.\necho \"SUCCESS\" > \"${SCRIPT_OUTPUT_FILE_0}\"\n";
			showEnvVarsInLog = 0;
		};
		C5663FCFAFBBB84A691A71A4 /* [CP] Check Pods Manifest.lock */ = {
			isa = PBXShellScriptBuildPhase;
			buildActionMask = 2147483647;
			files = (
			);
			inputFileListPaths = (
			);
			inputPaths = (
				"${PODS_PODFILE_DIR_PATH}/Podfile.lock",
				"${PODS_ROOT}/Manifest.lock",
			);
			name = "[CP] Check Pods Manifest.lock";
			outputFileListPaths = (
			);
			outputPaths = (
				"$(DERIVED_FILE_DIR)/Pods-gmNewsTests-checkManifestLockResult.txt",
			);
			runOnlyForDeploymentPostprocessing = 0;
			shellPath = /bin/sh;
			shellScript = "diff \"${PODS_PODFILE_DIR_PATH}/Podfile.lock\" \"${PODS_ROOT}/Manifest.lock\" > /dev/null\nif [ $? != 0 ] ; then\n    # print error to STDERR\n    echo \"error: The sandbox is not in sync with the Podfile.lock. Run 'pod install' or update your CocoaPods installation.\" >&2\n    exit 1\nfi\n# This output is used by Xcode 'outputs' to avoid re-running this script phase.\necho \"SUCCESS\" > \"${SCRIPT_OUTPUT_FILE_0}\"\n";
			showEnvVarsInLog = 0;
		};
		DE967C2BF98E03E32DFDA0CA /* [CP] Check Pods Manifest.lock */ = {
			isa = PBXShellScriptBuildPhase;
			buildActionMask = 2147483647;
			files = (
			);
			inputFileListPaths = (
			);
			inputPaths = (
				"${PODS_PODFILE_DIR_PATH}/Podfile.lock",
				"${PODS_ROOT}/Manifest.lock",
			);
			name = "[CP] Check Pods Manifest.lock";
			outputFileListPaths = (
			);
			outputPaths = (
				"$(DERIVED_FILE_DIR)/Pods-gmNewsUITests-checkManifestLockResult.txt",
			);
			runOnlyForDeploymentPostprocessing = 0;
			shellPath = /bin/sh;
			shellScript = "diff \"${PODS_PODFILE_DIR_PATH}/Podfile.lock\" \"${PODS_ROOT}/Manifest.lock\" > /dev/null\nif [ $? != 0 ] ; then\n    # print error to STDERR\n    echo \"error: The sandbox is not in sync with the Podfile.lock. Run 'pod install' or update your CocoaPods installation.\" >&2\n    exit 1\nfi\n# This output is used by Xcode 'outputs' to avoid re-running this script phase.\necho \"SUCCESS\" > \"${SCRIPT_OUTPUT_FILE_0}\"\n";
			showEnvVarsInLog = 0;
		};
/* End PBXShellScriptBuildPhase section */

/* Begin PBXSourcesBuildPhase section */
		52E82B06224C2FF20025F9B2 /* Sources */ = {
			isa = PBXSourcesBuildPhase;
			buildActionMask = 2147483647;
			files = (
				DC338C3522592AA100315326 /* LoginViewController.swift in Sources */,
				521067CA2262DA88007954AB /* selectWeekdaysViewController.swift in Sources */,
				52E930E422630CDE008AE8A8 /* SelectSoundViewController.swift in Sources */,
				DC65BB912265540000539A77 /* AddSourcesPopUpViewController.swift in Sources */,
				52E82B10224C2FF30025F9B2 /* ViewController.swift in Sources */,
				52E930E6226313FD008AE8A8 /* SoundTableViewController.swift in Sources */,
				523D624D225BE0B200D4FE43 /* CreateAlarmViewController.swift in Sources */,
				52E82B0E224C2FF30025F9B2 /* AppDelegate.swift in Sources */,
				0DD4A3E222598B6200D1AF6B /* NewsTableViewController.swift in Sources */,
				DC65BB8F22653D4C00539A77 /* SignUpViewController.swift in Sources */,
				521067CC2262DB0E007954AB /* alarmLabelViewController.swift in Sources */,
				52A59A67225E838700B628AC /* AlarmTableViewController.swift in Sources */,
				0DD4A3E42259946200D1AF6B /* ArticleTableViewCell.swift in Sources */,
				0239E1CB226D047F00075290 /* NewsSourceCell.swift in Sources */,
				529372A4225FF7EB007CE280 /* WeekdaysTableViewController.swift in Sources */,
				DC3D33BB22597E6E007D2581 /* SettingsViewController.swift in Sources */,
			);
			runOnlyForDeploymentPostprocessing = 0;
		};
		52E82B1A224C2FF50025F9B2 /* Sources */ = {
			isa = PBXSourcesBuildPhase;
			buildActionMask = 2147483647;
			files = (
				52E82B23224C2FF50025F9B2 /* gmNewsTests.swift in Sources */,
			);
			runOnlyForDeploymentPostprocessing = 0;
		};
		52E82B25224C2FF50025F9B2 /* Sources */ = {
			isa = PBXSourcesBuildPhase;
			buildActionMask = 2147483647;
			files = (
				52E82B2E224C2FF50025F9B2 /* gmNewsUITests.swift in Sources */,
			);
			runOnlyForDeploymentPostprocessing = 0;
		};
/* End PBXSourcesBuildPhase section */

/* Begin PBXTargetDependency section */
		52E82B20224C2FF50025F9B2 /* PBXTargetDependency */ = {
			isa = PBXTargetDependency;
			target = 52E82B09224C2FF20025F9B2 /* gmNews */;
			targetProxy = 52E82B1F224C2FF50025F9B2 /* PBXContainerItemProxy */;
		};
		52E82B2B224C2FF50025F9B2 /* PBXTargetDependency */ = {
			isa = PBXTargetDependency;
			target = 52E82B09224C2FF20025F9B2 /* gmNews */;
			targetProxy = 52E82B2A224C2FF50025F9B2 /* PBXContainerItemProxy */;
		};
/* End PBXTargetDependency section */

/* Begin PBXVariantGroup section */
		52E82B11224C2FF30025F9B2 /* Main.storyboard */ = {
			isa = PBXVariantGroup;
			children = (
				52E82B12224C2FF30025F9B2 /* Base */,
			);
			name = Main.storyboard;
			sourceTree = "<group>";
		};
		52E82B16224C2FF50025F9B2 /* LaunchScreen.storyboard */ = {
			isa = PBXVariantGroup;
			children = (
				52E82B17224C2FF50025F9B2 /* Base */,
			);
			name = LaunchScreen.storyboard;
			sourceTree = "<group>";
		};
/* End PBXVariantGroup section */

/* Begin XCBuildConfiguration section */
		52E82B30224C2FF50025F9B2 /* Debug */ = {
			isa = XCBuildConfiguration;
			buildSettings = {
				ALWAYS_SEARCH_USER_PATHS = NO;
				CLANG_ANALYZER_NONNULL = YES;
				CLANG_ANALYZER_NUMBER_OBJECT_CONVERSION = YES_AGGRESSIVE;
				CLANG_CXX_LANGUAGE_STANDARD = "gnu++14";
				CLANG_CXX_LIBRARY = "libc++";
				CLANG_ENABLE_MODULES = YES;
				CLANG_ENABLE_OBJC_ARC = YES;
				CLANG_ENABLE_OBJC_WEAK = YES;
				CLANG_WARN_BLOCK_CAPTURE_AUTORELEASING = YES;
				CLANG_WARN_BOOL_CONVERSION = YES;
				CLANG_WARN_COMMA = YES;
				CLANG_WARN_CONSTANT_CONVERSION = YES;
				CLANG_WARN_DEPRECATED_OBJC_IMPLEMENTATIONS = YES;
				CLANG_WARN_DIRECT_OBJC_ISA_USAGE = YES_ERROR;
				CLANG_WARN_DOCUMENTATION_COMMENTS = YES;
				CLANG_WARN_EMPTY_BODY = YES;
				CLANG_WARN_ENUM_CONVERSION = YES;
				CLANG_WARN_INFINITE_RECURSION = YES;
				CLANG_WARN_INT_CONVERSION = YES;
				CLANG_WARN_NON_LITERAL_NULL_CONVERSION = YES;
				CLANG_WARN_OBJC_IMPLICIT_RETAIN_SELF = YES;
				CLANG_WARN_OBJC_LITERAL_CONVERSION = YES;
				CLANG_WARN_OBJC_ROOT_CLASS = YES_ERROR;
				CLANG_WARN_RANGE_LOOP_ANALYSIS = YES;
				CLANG_WARN_STRICT_PROTOTYPES = YES;
				CLANG_WARN_SUSPICIOUS_MOVE = YES;
				CLANG_WARN_UNGUARDED_AVAILABILITY = YES_AGGRESSIVE;
				CLANG_WARN_UNREACHABLE_CODE = YES;
				CLANG_WARN__DUPLICATE_METHOD_MATCH = YES;
				CODE_SIGN_IDENTITY = "iPhone Developer";
				COPY_PHASE_STRIP = NO;
				DEBUG_INFORMATION_FORMAT = dwarf;
				ENABLE_STRICT_OBJC_MSGSEND = YES;
				ENABLE_TESTABILITY = YES;
				GCC_C_LANGUAGE_STANDARD = gnu11;
				GCC_DYNAMIC_NO_PIC = NO;
				GCC_NO_COMMON_BLOCKS = YES;
				GCC_OPTIMIZATION_LEVEL = 0;
				GCC_PREPROCESSOR_DEFINITIONS = (
					"DEBUG=1",
					"$(inherited)",
				);
				GCC_WARN_64_TO_32_BIT_CONVERSION = YES;
				GCC_WARN_ABOUT_RETURN_TYPE = YES_ERROR;
				GCC_WARN_UNDECLARED_SELECTOR = YES;
				GCC_WARN_UNINITIALIZED_AUTOS = YES_AGGRESSIVE;
				GCC_WARN_UNUSED_FUNCTION = YES;
				GCC_WARN_UNUSED_VARIABLE = YES;
				IPHONEOS_DEPLOYMENT_TARGET = 12.2;
				MTL_ENABLE_DEBUG_INFO = INCLUDE_SOURCE;
				MTL_FAST_MATH = YES;
				ONLY_ACTIVE_ARCH = YES;
				SDKROOT = iphoneos;
				SWIFT_ACTIVE_COMPILATION_CONDITIONS = DEBUG;
				SWIFT_OPTIMIZATION_LEVEL = "-Onone";
			};
			name = Debug;
		};
		52E82B31224C2FF50025F9B2 /* Release */ = {
			isa = XCBuildConfiguration;
			buildSettings = {
				ALWAYS_SEARCH_USER_PATHS = NO;
				CLANG_ANALYZER_NONNULL = YES;
				CLANG_ANALYZER_NUMBER_OBJECT_CONVERSION = YES_AGGRESSIVE;
				CLANG_CXX_LANGUAGE_STANDARD = "gnu++14";
				CLANG_CXX_LIBRARY = "libc++";
				CLANG_ENABLE_MODULES = YES;
				CLANG_ENABLE_OBJC_ARC = YES;
				CLANG_ENABLE_OBJC_WEAK = YES;
				CLANG_WARN_BLOCK_CAPTURE_AUTORELEASING = YES;
				CLANG_WARN_BOOL_CONVERSION = YES;
				CLANG_WARN_COMMA = YES;
				CLANG_WARN_CONSTANT_CONVERSION = YES;
				CLANG_WARN_DEPRECATED_OBJC_IMPLEMENTATIONS = YES;
				CLANG_WARN_DIRECT_OBJC_ISA_USAGE = YES_ERROR;
				CLANG_WARN_DOCUMENTATION_COMMENTS = YES;
				CLANG_WARN_EMPTY_BODY = YES;
				CLANG_WARN_ENUM_CONVERSION = YES;
				CLANG_WARN_INFINITE_RECURSION = YES;
				CLANG_WARN_INT_CONVERSION = YES;
				CLANG_WARN_NON_LITERAL_NULL_CONVERSION = YES;
				CLANG_WARN_OBJC_IMPLICIT_RETAIN_SELF = YES;
				CLANG_WARN_OBJC_LITERAL_CONVERSION = YES;
				CLANG_WARN_OBJC_ROOT_CLASS = YES_ERROR;
				CLANG_WARN_RANGE_LOOP_ANALYSIS = YES;
				CLANG_WARN_STRICT_PROTOTYPES = YES;
				CLANG_WARN_SUSPICIOUS_MOVE = YES;
				CLANG_WARN_UNGUARDED_AVAILABILITY = YES_AGGRESSIVE;
				CLANG_WARN_UNREACHABLE_CODE = YES;
				CLANG_WARN__DUPLICATE_METHOD_MATCH = YES;
				CODE_SIGN_IDENTITY = "iPhone Developer";
				COPY_PHASE_STRIP = NO;
				DEBUG_INFORMATION_FORMAT = "dwarf-with-dsym";
				ENABLE_NS_ASSERTIONS = NO;
				ENABLE_STRICT_OBJC_MSGSEND = YES;
				GCC_C_LANGUAGE_STANDARD = gnu11;
				GCC_NO_COMMON_BLOCKS = YES;
				GCC_WARN_64_TO_32_BIT_CONVERSION = YES;
				GCC_WARN_ABOUT_RETURN_TYPE = YES_ERROR;
				GCC_WARN_UNDECLARED_SELECTOR = YES;
				GCC_WARN_UNINITIALIZED_AUTOS = YES_AGGRESSIVE;
				GCC_WARN_UNUSED_FUNCTION = YES;
				GCC_WARN_UNUSED_VARIABLE = YES;
				IPHONEOS_DEPLOYMENT_TARGET = 12.2;
				MTL_ENABLE_DEBUG_INFO = NO;
				MTL_FAST_MATH = YES;
				SDKROOT = iphoneos;
				SWIFT_COMPILATION_MODE = wholemodule;
				SWIFT_OPTIMIZATION_LEVEL = "-O";
				VALIDATE_PRODUCT = YES;
			};
			name = Release;
		};
		52E82B33224C2FF50025F9B2 /* Debug */ = {
			isa = XCBuildConfiguration;
			baseConfigurationReference = AA1CA5977214C6A385B0EB9B /* Pods-gmNews.debug.xcconfig */;
			buildSettings = {
				ASSETCATALOG_COMPILER_APPICON_NAME = AppIcon;
				CODE_SIGN_STYLE = Automatic;
				DEVELOPMENT_TEAM = 3T3AA4T24A;
				INFOPLIST_FILE = gmNews/Info.plist;
				LD_RUNPATH_SEARCH_PATHS = (
					"$(inherited)",
					"@executable_path/Frameworks",
				);
				PRODUCT_BUNDLE_IDENTIFIER = mlandin.gmNews;
				PRODUCT_NAME = "$(TARGET_NAME)";
				SWIFT_VERSION = 4.0;
				TARGETED_DEVICE_FAMILY = "1,2";
			};
			name = Debug;
		};
		52E82B34224C2FF50025F9B2 /* Release */ = {
			isa = XCBuildConfiguration;
			baseConfigurationReference = AACA9E564A50AF22C1097302 /* Pods-gmNews.release.xcconfig */;
			buildSettings = {
				ASSETCATALOG_COMPILER_APPICON_NAME = AppIcon;
				CODE_SIGN_STYLE = Automatic;
				DEVELOPMENT_TEAM = 3T3AA4T24A;
				INFOPLIST_FILE = gmNews/Info.plist;
				LD_RUNPATH_SEARCH_PATHS = (
					"$(inherited)",
					"@executable_path/Frameworks",
				);
				PRODUCT_BUNDLE_IDENTIFIER = mlandin.gmNews;
				PRODUCT_NAME = "$(TARGET_NAME)";
				SWIFT_VERSION = 4.0;
				TARGETED_DEVICE_FAMILY = "1,2";
			};
			name = Release;
		};
		52E82B36224C2FF50025F9B2 /* Debug */ = {
			isa = XCBuildConfiguration;
			baseConfigurationReference = 1F6B0C922CF08A48588FFDC3 /* Pods-gmNewsTests.debug.xcconfig */;
			buildSettings = {
				ALWAYS_EMBED_SWIFT_STANDARD_LIBRARIES = YES;
				BUNDLE_LOADER = "$(TEST_HOST)";
				CODE_SIGN_STYLE = Automatic;
				DEVELOPMENT_TEAM = 3T3AA4T24A;
				INFOPLIST_FILE = gmNewsTests/Info.plist;
				LD_RUNPATH_SEARCH_PATHS = (
					"$(inherited)",
					"@executable_path/Frameworks",
					"@loader_path/Frameworks",
				);
				PRODUCT_BUNDLE_IDENTIFIER = mlandin.gmNewsTests;
				PRODUCT_NAME = "$(TARGET_NAME)";
				SWIFT_VERSION = 5.0;
				TARGETED_DEVICE_FAMILY = "1,2";
				TEST_HOST = "$(BUILT_PRODUCTS_DIR)/gmNews.app/gmNews";
			};
			name = Debug;
		};
		52E82B37224C2FF50025F9B2 /* Release */ = {
			isa = XCBuildConfiguration;
			baseConfigurationReference = 4B7E0C7B837CC79451940DAB /* Pods-gmNewsTests.release.xcconfig */;
			buildSettings = {
				ALWAYS_EMBED_SWIFT_STANDARD_LIBRARIES = YES;
				BUNDLE_LOADER = "$(TEST_HOST)";
				CODE_SIGN_STYLE = Automatic;
				DEVELOPMENT_TEAM = 3T3AA4T24A;
				INFOPLIST_FILE = gmNewsTests/Info.plist;
				LD_RUNPATH_SEARCH_PATHS = (
					"$(inherited)",
					"@executable_path/Frameworks",
					"@loader_path/Frameworks",
				);
				PRODUCT_BUNDLE_IDENTIFIER = mlandin.gmNewsTests;
				PRODUCT_NAME = "$(TARGET_NAME)";
				SWIFT_VERSION = 5.0;
				TARGETED_DEVICE_FAMILY = "1,2";
				TEST_HOST = "$(BUILT_PRODUCTS_DIR)/gmNews.app/gmNews";
			};
			name = Release;
		};
		52E82B39224C2FF50025F9B2 /* Debug */ = {
			isa = XCBuildConfiguration;
			baseConfigurationReference = E83E679FD280E38E8F384DBD /* Pods-gmNewsUITests.debug.xcconfig */;
			buildSettings = {
				ALWAYS_EMBED_SWIFT_STANDARD_LIBRARIES = YES;
				CODE_SIGN_STYLE = Automatic;
				DEVELOPMENT_TEAM = 3T3AA4T24A;
				INFOPLIST_FILE = gmNewsUITests/Info.plist;
				LD_RUNPATH_SEARCH_PATHS = (
					"$(inherited)",
					"@executable_path/Frameworks",
					"@loader_path/Frameworks",
				);
				PRODUCT_BUNDLE_IDENTIFIER = mlandin.gmNewsUITests;
				PRODUCT_NAME = "$(TARGET_NAME)";
				SWIFT_VERSION = 5.0;
				TARGETED_DEVICE_FAMILY = "1,2";
				TEST_TARGET_NAME = gmNews;
			};
			name = Debug;
		};
		52E82B3A224C2FF50025F9B2 /* Release */ = {
			isa = XCBuildConfiguration;
			baseConfigurationReference = 11D1C8A56D9AA4806A454731 /* Pods-gmNewsUITests.release.xcconfig */;
			buildSettings = {
				ALWAYS_EMBED_SWIFT_STANDARD_LIBRARIES = YES;
				CODE_SIGN_STYLE = Automatic;
				DEVELOPMENT_TEAM = 3T3AA4T24A;
				INFOPLIST_FILE = gmNewsUITests/Info.plist;
				LD_RUNPATH_SEARCH_PATHS = (
					"$(inherited)",
					"@executable_path/Frameworks",
					"@loader_path/Frameworks",
				);
				PRODUCT_BUNDLE_IDENTIFIER = mlandin.gmNewsUITests;
				PRODUCT_NAME = "$(TARGET_NAME)";
				SWIFT_VERSION = 5.0;
				TARGETED_DEVICE_FAMILY = "1,2";
				TEST_TARGET_NAME = gmNews;
			};
			name = Release;
		};
/* End XCBuildConfiguration section */

/* Begin XCConfigurationList section */
		52E82B05224C2FF20025F9B2 /* Build configuration list for PBXProject "gmNews" */ = {
			isa = XCConfigurationList;
			buildConfigurations = (
				52E82B30224C2FF50025F9B2 /* Debug */,
				52E82B31224C2FF50025F9B2 /* Release */,
			);
			defaultConfigurationIsVisible = 0;
			defaultConfigurationName = Release;
		};
		52E82B32224C2FF50025F9B2 /* Build configuration list for PBXNativeTarget "gmNews" */ = {
			isa = XCConfigurationList;
			buildConfigurations = (
				52E82B33224C2FF50025F9B2 /* Debug */,
				52E82B34224C2FF50025F9B2 /* Release */,
			);
			defaultConfigurationIsVisible = 0;
			defaultConfigurationName = Release;
		};
		52E82B35224C2FF50025F9B2 /* Build configuration list for PBXNativeTarget "gmNewsTests" */ = {
			isa = XCConfigurationList;
			buildConfigurations = (
				52E82B36224C2FF50025F9B2 /* Debug */,
				52E82B37224C2FF50025F9B2 /* Release */,
			);
			defaultConfigurationIsVisible = 0;
			defaultConfigurationName = Release;
		};
		52E82B38224C2FF50025F9B2 /* Build configuration list for PBXNativeTarget "gmNewsUITests" */ = {
			isa = XCConfigurationList;
			buildConfigurations = (
				52E82B39224C2FF50025F9B2 /* Debug */,
				52E82B3A224C2FF50025F9B2 /* Release */,
			);
			defaultConfigurationIsVisible = 0;
			defaultConfigurationName = Release;
		};
/* End XCConfigurationList section */
	};
	rootObject = 52E82B02224C2FF20025F9B2 /* Project object */;
}
